
Microsoft Visual Studio Solution File, Format Version 12.00
# Visual Studio Version 16
VisualStudioVersion = 16.0.35826.135
MinimumVisualStudioVersion = 10.0.40219.1
Project("{FAE04EC0-301F-11D3-BF4B-00C04F79EFBC}") = "MyCICD", "MyCICD\MyCICD.csproj", "{967500A9-365B-493E-B499-07F3EEE529A3}"
EndProject
Global
	GlobalSection(SolutionConfigurationPlatforms) = preSolution
		Debug|Any CPU = Debug|Any CPU
		Release|Any CPU = Release|Any CPU
	EndGlobalSection
	GlobalSection(ProjectConfigurationPlatforms) = postSolution
		{967500A9-365B-493E-B499-07F3EEE529A3}.Debug|Any CPU.ActiveCfg = Debug|Any CPU
		{967500A9-365B-493E-B499-07F3EEE529A3}.Debug|Any CPU.Build.0 = Debug|Any CPU
		{967500A9-365B-493E-B499-07F3EEE529A3}.Release|Any CPU.ActiveCfg = Release|Any CPU
		{967500A9-365B-493E-B499-07F3EEE529A3}.Release|Any CPU.Build.0 = Release|Any CPU
	EndGlobalSection
	GlobalSection(SolutionProperties) = preSolution
		HideSolutionNode = FALSE
	EndGlobalSection
	GlobalSection(ExtensibilityGlobals) = postSolution
		SolutionGuid = {098B404D-7AF1-44DD-BCF8-5B66A3CF0AE5}
	EndGlobalSection
EndGlobal
